
Microsoft Visual Studio Solution File, Format Version 12.00
# Visual Studio 15
VisualStudioVersion = 15.0.27428.2005
MinimumVisualStudioVersion = 10.0.40219.1
Project("{9A19103F-16F7-4668-BE54-9A1E7A4F7556}") = "Piwerko.Api", "piwerko-backend\Piwerko.Api.csproj", "{8F53A53F-CBD3-43FF-9A20-275420E3CE4E}"
EndProject
Project("{9A19103F-16F7-4668-BE54-9A1E7A4F7556}") = "Piwerko.Data", "Piwerko.Data\Piwerko.Data.csproj", "{74536806-906D-4665-AA56-A8B6CAC60562}"
EndProject
Project("{9A19103F-16F7-4668-BE54-9A1E7A4F7556}") = "Piwerko.Test", "Piwerko.Test\Piwerko.Test.csproj", "{810EBBCA-0B20-43C1-96F1-352226FE052F}"
EndProject
Global
	GlobalSection(SolutionConfigurationPlatforms) = preSolution
		Debug|Any CPU = Debug|Any CPU
		Release|Any CPU = Release|Any CPU
	EndGlobalSection
	GlobalSection(ProjectConfigurationPlatforms) = postSolution
		{8F53A53F-CBD3-43FF-9A20-275420E3CE4E}.Debug|Any CPU.ActiveCfg = Debug|Any CPU
		{8F53A53F-CBD3-43FF-9A20-275420E3CE4E}.Debug|Any CPU.Build.0 = Debug|Any CPU
		{8F53A53F-CBD3-43FF-9A20-275420E3CE4E}.Release|Any CPU.ActiveCfg = Release|Any CPU
		{8F53A53F-CBD3-43FF-9A20-275420E3CE4E}.Release|Any CPU.Build.0 = Release|Any CPU
		{74536806-906D-4665-AA56-A8B6CAC60562}.Debug|Any CPU.ActiveCfg = Debug|Any CPU
		{74536806-906D-4665-AA56-A8B6CAC60562}.Debug|Any CPU.Build.0 = Debug|Any CPU
		{74536806-906D-4665-AA56-A8B6CAC60562}.Release|Any CPU.ActiveCfg = Release|Any CPU
		{74536806-906D-4665-AA56-A8B6CAC60562}.Release|Any CPU.Build.0 = Release|Any CPU
		{810EBBCA-0B20-43C1-96F1-352226FE052F}.Debug|Any CPU.ActiveCfg = Debug|Any CPU
		{810EBBCA-0B20-43C1-96F1-352226FE052F}.Debug|Any CPU.Build.0 = Debug|Any CPU
		{810EBBCA-0B20-43C1-96F1-352226FE052F}.Release|Any CPU.ActiveCfg = Release|Any CPU
		{810EBBCA-0B20-43C1-96F1-352226FE052F}.Release|Any CPU.Build.0 = Release|Any CPU
	EndGlobalSection
	GlobalSection(SolutionProperties) = preSolution
		HideSolutionNode = FALSE
	EndGlobalSection
	GlobalSection(ExtensibilityGlobals) = postSolution
		SolutionGuid = {61DB49BB-7303-4C30-8A4A-5B49D4F15F07}
	EndGlobalSection
EndGlobal
